
Microsoft Visual Studio Solution File, Format Version 12.00
# Visual Studio 2013
VisualStudioVersion = 12.0.31101.0
MinimumVisualStudioVersion = 10.0.40219.1
Project("{FAE04EC0-301F-11D3-BF4B-00C04F79EFBC}") = "Moonfish2015", "Moonfish2015.csproj", "{DD0C713C-6119-4D6D-8F0A-CAA8F34763BF}"
EndProject
Project("{2150E333-8FDC-42A3-9474-1A3956D46DE8}") = ".nuget", ".nuget", "{A7A191D3-4FD2-4BE3-B006-89B2BC15B2E8}"
	ProjectSection(SolutionItems) = preProject
		.nuget\packages.config = .nuget\packages.config
	EndProjectSection
EndProject
Project("{2150E333-8FDC-42A3-9474-1A3956D46DE8}") = "Solution Items", "Solution Items", "{569F4F85-57AC-453C-BF24-DA9BBBC216A2}"
	ProjectSection(SolutionItems) = preProject
		Performance1.psess = Performance1.psess
		Performance2.psess = Performance2.psess
		Performance3.psess = Performance3.psess
	EndProjectSection
EndProject
Project("{FAE04EC0-301F-11D3-BF4B-00C04F79EFBC}") = "MoonfishUnitTests", "..\MoonfishUnitTests\MoonfishUnitTests.csproj", "{E2E776A3-F7C9-42A6-9C3F-91C4553F29FB}"
EndProject
Global
	GlobalSection(SolutionConfigurationPlatforms) = preSolution
		Debug|Any CPU = Debug|Any CPU
		Debug|Mixed Platforms = Debug|Mixed Platforms
		Debug|x86 = Debug|x86
		Release|Any CPU = Release|Any CPU
		Release|Mixed Platforms = Release|Mixed Platforms
		Release|x86 = Release|x86
	EndGlobalSection
	GlobalSection(ProjectConfigurationPlatforms) = postSolution
		{DD0C713C-6119-4D6D-8F0A-CAA8F34763BF}.Debug|Any CPU.ActiveCfg = Debug|Any CPU
		{DD0C713C-6119-4D6D-8F0A-CAA8F34763BF}.Debug|Any CPU.Build.0 = Debug|Any CPU
		{DD0C713C-6119-4D6D-8F0A-CAA8F34763BF}.Debug|Mixed Platforms.ActiveCfg = Debug|x86
		{DD0C713C-6119-4D6D-8F0A-CAA8F34763BF}.Debug|Mixed Platforms.Build.0 = Debug|x86
		{DD0C713C-6119-4D6D-8F0A-CAA8F34763BF}.Debug|x86.ActiveCfg = Debug|x86
		{DD0C713C-6119-4D6D-8F0A-CAA8F34763BF}.Debug|x86.Build.0 = Debug|x86
		{DD0C713C-6119-4D6D-8F0A-CAA8F34763BF}.Release|Any CPU.ActiveCfg = Release|Any CPU
		{DD0C713C-6119-4D6D-8F0A-CAA8F34763BF}.Release|Any CPU.Build.0 = Release|Any CPU
		{DD0C713C-6119-4D6D-8F0A-CAA8F34763BF}.Release|Mixed Platforms.ActiveCfg = Release|x86
		{DD0C713C-6119-4D6D-8F0A-CAA8F34763BF}.Release|Mixed Platforms.Build.0 = Release|x86
		{DD0C713C-6119-4D6D-8F0A-CAA8F34763BF}.Release|x86.ActiveCfg = Release|x86
		{DD0C713C-6119-4D6D-8F0A-CAA8F34763BF}.Release|x86.Build.0 = Release|x86
		{E2E776A3-F7C9-42A6-9C3F-91C4553F29FB}.Debug|Any CPU.ActiveCfg = Debug|Any CPU
		{E2E776A3-F7C9-42A6-9C3F-91C4553F29FB}.Debug|Any CPU.Build.0 = Debug|Any CPU
		{E2E776A3-F7C9-42A6-9C3F-91C4553F29FB}.Debug|Mixed Platforms.ActiveCfg = Debug|Any CPU
		{E2E776A3-F7C9-42A6-9C3F-91C4553F29FB}.Debug|Mixed Platforms.Build.0 = Debug|Any CPU
		{E2E776A3-F7C9-42A6-9C3F-91C4553F29FB}.Debug|x86.ActiveCfg = Debug|Any CPU
		{E2E776A3-F7C9-42A6-9C3F-91C4553F29FB}.Debug|x86.Build.0 = Debug|Any CPU
		{E2E776A3-F7C9-42A6-9C3F-91C4553F29FB}.Release|Any CPU.ActiveCfg = Release|Any CPU
		{E2E776A3-F7C9-42A6-9C3F-91C4553F29FB}.Release|Any CPU.Build.0 = Release|Any CPU
		{E2E776A3-F7C9-42A6-9C3F-91C4553F29FB}.Release|Mixed Platforms.ActiveCfg = Release|Any CPU
		{E2E776A3-F7C9-42A6-9C3F-91C4553F29FB}.Release|Mixed Platforms.Build.0 = Release|Any CPU
		{E2E776A3-F7C9-42A6-9C3F-91C4553F29FB}.Release|x86.ActiveCfg = Release|Any CPU
	EndGlobalSection
	GlobalSection(SolutionProperties) = preSolution
		HideSolutionNode = FALSE
	EndGlobalSection
EndGlobal
